
Microsoft Visual Studio Solution File, Format Version 12.00
# Visual Studio Version 16
VisualStudioVersion = 16.0.31205.134
MinimumVisualStudioVersion = 10.0.40219.1
Project("{9A19103F-16F7-4668-BE54-9A1E7A4F7556}") = "TestDynLoadUnload", "TestDynLoadUnload\TestDynLoadUnload.csproj", "{68105611-2806-4480-B555-9A0AA3FEB3EA}"
	ProjectSection(ProjectDependencies) = postProject
		{9C16D6CB-E261-421B-80A5-E8BC0849E73A} = {9C16D6CB-E261-421B-80A5-E8BC0849E73A}
		{34261FEF-6568-4920-B725-AD0092E53103} = {34261FEF-6568-4920-B725-AD0092E53103}
	EndProjectSection
EndProject
Project("{8BC9CEB8-8B4A-11D0-8D11-00A0C91BC942}") = "Worker1", "Worker1\Worker1.vcxproj", "{9C16D6CB-E261-421B-80A5-E8BC0849E73A}"
	ProjectSection(ProjectDependencies) = postProject
		{731508AC-1EDA-4DD2-8127-2D6B2F26AE47} = {731508AC-1EDA-4DD2-8127-2D6B2F26AE47}
	EndProjectSection
EndProject
Project("{8BC9CEB8-8B4A-11D0-8D11-00A0C91BC942}") = "Worker2", "Worker2\Worker2.vcxproj", "{34261FEF-6568-4920-B725-AD0092E53103}"
	ProjectSection(ProjectDependencies) = postProject
		{731508AC-1EDA-4DD2-8127-2D6B2F26AE47} = {731508AC-1EDA-4DD2-8127-2D6B2F26AE47}
	EndProjectSection
EndProject
Project("{8BC9CEB8-8B4A-11D0-8D11-00A0C91BC942}") = "CoreCpp", "CoreCpp\CoreCpp.vcxproj", "{731508AC-1EDA-4DD2-8127-2D6B2F26AE47}"
EndProject
Global
	GlobalSection(SolutionConfigurationPlatforms) = preSolution
		Debug|Any CPU = Debug|Any CPU
		Debug|x64 = Debug|x64
		Debug|x86 = Debug|x86
		Release|Any CPU = Release|Any CPU
		Release|x64 = Release|x64
		Release|x86 = Release|x86
	EndGlobalSection
	GlobalSection(ProjectConfigurationPlatforms) = postSolution
		{68105611-2806-4480-B555-9A0AA3FEB3EA}.Debug|Any CPU.ActiveCfg = Debug|Any CPU
		{68105611-2806-4480-B555-9A0AA3FEB3EA}.Debug|Any CPU.Build.0 = Debug|Any CPU
		{68105611-2806-4480-B555-9A0AA3FEB3EA}.Debug|x64.ActiveCfg = Debug|Any CPU
		{68105611-2806-4480-B555-9A0AA3FEB3EA}.Debug|x64.Build.0 = Debug|Any CPU
		{68105611-2806-4480-B555-9A0AA3FEB3EA}.Debug|x86.ActiveCfg = Debug|Any CPU
		{68105611-2806-4480-B555-9A0AA3FEB3EA}.Debug|x86.Build.0 = Debug|Any CPU
		{68105611-2806-4480-B555-9A0AA3FEB3EA}.Release|Any CPU.ActiveCfg = Release|Any CPU
		{68105611-2806-4480-B555-9A0AA3FEB3EA}.Release|Any CPU.Build.0 = Release|Any CPU
		{68105611-2806-4480-B555-9A0AA3FEB3EA}.Release|x64.ActiveCfg = Release|Any CPU
		{68105611-2806-4480-B555-9A0AA3FEB3EA}.Release|x64.Build.0 = Release|Any CPU
		{68105611-2806-4480-B555-9A0AA3FEB3EA}.Release|x86.ActiveCfg = Release|Any CPU
		{68105611-2806-4480-B555-9A0AA3FEB3EA}.Release|x86.Build.0 = Release|Any CPU
		{9C16D6CB-E261-421B-80A5-E8BC0849E73A}.Debug|Any CPU.ActiveCfg = Debug|x64
		{9C16D6CB-E261-421B-80A5-E8BC0849E73A}.Debug|Any CPU.Build.0 = Debug|x64
		{9C16D6CB-E261-421B-80A5-E8BC0849E73A}.Debug|x64.ActiveCfg = Debug|x64
		{9C16D6CB-E261-421B-80A5-E8BC0849E73A}.Debug|x64.Build.0 = Debug|x64
		{9C16D6CB-E261-421B-80A5-E8BC0849E73A}.Debug|x86.ActiveCfg = Debug|Win32
		{9C16D6CB-E261-421B-80A5-E8BC0849E73A}.Debug|x86.Build.0 = Debug|Win32
		{9C16D6CB-E261-421B-80A5-E8BC0849E73A}.Release|Any CPU.ActiveCfg = Release|Win32
		{9C16D6CB-E261-421B-80A5-E8BC0849E73A}.Release|x64.ActiveCfg = Release|x64
		{9C16D6CB-E261-421B-80A5-E8BC0849E73A}.Release|x64.Build.0 = Release|x64
		{9C16D6CB-E261-421B-80A5-E8BC0849E73A}.Release|x86.ActiveCfg = Release|Win32
		{9C16D6CB-E261-421B-80A5-E8BC0849E73A}.Release|x86.Build.0 = Release|Win32
		{34261FEF-6568-4920-B725-AD0092E53103}.Debug|Any CPU.ActiveCfg = Debug|x64
		{34261FEF-6568-4920-B725-AD0092E53103}.Debug|Any CPU.Build.0 = Debug|x64
		{34261FEF-6568-4920-B725-AD0092E53103}.Debug|x64.ActiveCfg = Debug|x64
		{34261FEF-6568-4920-B725-AD0092E53103}.Debug|x64.Build.0 = Debug|x64
		{34261FEF-6568-4920-B725-AD0092E53103}.Debug|x86.ActiveCfg = Debug|Win32
		{34261FEF-6568-4920-B725-AD0092E53103}.Debug|x86.Build.0 = Debug|Win32
		{34261FEF-6568-4920-B725-AD0092E53103}.Release|Any CPU.ActiveCfg = Release|Win32
		{34261FEF-6568-4920-B725-AD0092E53103}.Release|x64.ActiveCfg = Release|x64
		{34261FEF-6568-4920-B725-AD0092E53103}.Release|x64.Build.0 = Release|x64
		{34261FEF-6568-4920-B725-AD0092E53103}.Release|x86.ActiveCfg = Release|Win32
		{34261FEF-6568-4920-B725-AD0092E53103}.Release|x86.Build.0 = Release|Win32
		{731508AC-1EDA-4DD2-8127-2D6B2F26AE47}.Debug|Any CPU.ActiveCfg = Debug|x64
		{731508AC-1EDA-4DD2-8127-2D6B2F26AE47}.Debug|Any CPU.Build.0 = Debug|x64
		{731508AC-1EDA-4DD2-8127-2D6B2F26AE47}.Debug|x64.ActiveCfg = Debug|x64
		{731508AC-1EDA-4DD2-8127-2D6B2F26AE47}.Debug|x64.Build.0 = Debug|x64
		{731508AC-1EDA-4DD2-8127-2D6B2F26AE47}.Debug|x86.ActiveCfg = Debug|Win32
		{731508AC-1EDA-4DD2-8127-2D6B2F26AE47}.Debug|x86.Build.0 = Debug|Win32
		{731508AC-1EDA-4DD2-8127-2D6B2F26AE47}.Release|Any CPU.ActiveCfg = Release|Win32
		{731508AC-1EDA-4DD2-8127-2D6B2F26AE47}.Release|x64.ActiveCfg = Release|x64
		{731508AC-1EDA-4DD2-8127-2D6B2F26AE47}.Release|x64.Build.0 = Release|x64
		{731508AC-1EDA-4DD2-8127-2D6B2F26AE47}.Release|x86.ActiveCfg = Release|Win32
		{731508AC-1EDA-4DD2-8127-2D6B2F26AE47}.Release|x86.Build.0 = Release|Win32
	EndGlobalSection
	GlobalSection(SolutionProperties) = preSolution
		HideSolutionNode = FALSE
	EndGlobalSection
	GlobalSection(ExtensibilityGlobals) = postSolution
		SolutionGuid = {FD61DB3B-9670-41EE-BE60-3744D8C11D59}
	EndGlobalSection
EndGlobal
